
Microsoft Visual Studio Solution File, Format Version 12.00
# Visual Studio Version 16
VisualStudioVersion = 16.0.29403.142
MinimumVisualStudioVersion = 10.0.40219.1
Project("{9A19103F-16F7-4668-BE54-9A1E7A4F7556}") = "SOne", "SOne\SOne.csproj", "{8D2A2A63-11B5-4AB1-B475-EC6648A46BBD}"
EndProject
Project("{2150E333-8FDC-42A3-9474-1A3956D46DE8}") = "ServiceTwo", "ServiceTwo", "{70CDB014-F176-49ED-8BF2-77734A5632FA}"
	ProjectSection(SolutionItems) = preProject
		stwo.proto = stwo.proto
	EndProjectSection
EndProject
Project("{9A19103F-16F7-4668-BE54-9A1E7A4F7556}") = "ServiceOneServer", "ServiceOneServer\ServiceOneServer.csproj", "{BD17D1E7-02DE-4A6D-B171-F92E22F21D40}"
EndProject
Project("{2150E333-8FDC-42A3-9474-1A3956D46DE8}") = "ServiceOne", "ServiceOne", "{E6DFA9B7-6D9E-4A00-8F19-7E5CEC4DEE0E}"
EndProject
Project("{9A19103F-16F7-4668-BE54-9A1E7A4F7556}") = "ServiceOneClient", "ServiceOneClient\ServiceOneClient.csproj", "{C79E58A1-2B14-431B-84A3-CB4A1D742213}"
EndProject
Project("{9A19103F-16F7-4668-BE54-9A1E7A4F7556}") = "ServiceOneLib", "ServiceOneLib\ServiceOneLib.csproj", "{9375A28E-8C16-4A75-9AAB-2D89952BF1D9}"
EndProject
Project("{00D1A9C2-B5F0-4AF3-8072-F6C62B433612}") = "Hash", "Hash\Hash.sqlproj", "{242A8AD2-2E04-4C96-B229-39D9048813BF}"
EndProject
Project("{8BC9CEB8-8B4A-11D0-8D11-00A0C91BC942}") = "ServiceTwoClient", "ServiceTwoClient\ServiceTwoClient.vcxproj", "{7D950783-EED0-473D-8AF8-31A3985B740F}"
EndProject
Project("{8BC9CEB8-8B4A-11D0-8D11-00A0C91BC942}") = "ServiceTwoServer", "ServiceTwoServer\ServiceTwoServer.vcxproj", "{5BE8FE30-EF35-4954-96EE-F1A33986D672}"
EndProject
Project("{8BC9CEB8-8B4A-11D0-8D11-00A0C91BC942}") = "STWO", "STWO\STWO.vcxproj", "{A541D772-9D2C-4AD2-9960-CC0F404B9465}"
EndProject
Project("{FAE04EC0-301F-11D3-BF4B-00C04F79EFBC}") = "ServiceOneApi", "ServiceOneApi\ServiceOneApi.csproj", "{5D37ACA4-8B5B-49FF-AC42-1C96D317B8B1}"
EndProject
Global
	GlobalSection(SolutionConfigurationPlatforms) = preSolution
		Debug|Any CPU = Debug|Any CPU
		Debug|ARM = Debug|ARM
		Debug|ARM64 = Debug|ARM64
		Debug|x64 = Debug|x64
		Debug|x86 = Debug|x86
		Release|Any CPU = Release|Any CPU
		Release|ARM = Release|ARM
		Release|ARM64 = Release|ARM64
		Release|x64 = Release|x64
		Release|x86 = Release|x86
	EndGlobalSection
	GlobalSection(ProjectConfigurationPlatforms) = postSolution
		{8D2A2A63-11B5-4AB1-B475-EC6648A46BBD}.Debug|Any CPU.ActiveCfg = Debug|Any CPU
		{8D2A2A63-11B5-4AB1-B475-EC6648A46BBD}.Debug|Any CPU.Build.0 = Debug|Any CPU
		{8D2A2A63-11B5-4AB1-B475-EC6648A46BBD}.Debug|ARM.ActiveCfg = Debug|Any CPU
		{8D2A2A63-11B5-4AB1-B475-EC6648A46BBD}.Debug|ARM.Build.0 = Debug|Any CPU
		{8D2A2A63-11B5-4AB1-B475-EC6648A46BBD}.Debug|ARM64.ActiveCfg = Debug|Any CPU
		{8D2A2A63-11B5-4AB1-B475-EC6648A46BBD}.Debug|ARM64.Build.0 = Debug|Any CPU
		{8D2A2A63-11B5-4AB1-B475-EC6648A46BBD}.Debug|x64.ActiveCfg = Debug|Any CPU
		{8D2A2A63-11B5-4AB1-B475-EC6648A46BBD}.Debug|x64.Build.0 = Debug|Any CPU
		{8D2A2A63-11B5-4AB1-B475-EC6648A46BBD}.Debug|x86.ActiveCfg = Debug|Any CPU
		{8D2A2A63-11B5-4AB1-B475-EC6648A46BBD}.Debug|x86.Build.0 = Debug|Any CPU
		{8D2A2A63-11B5-4AB1-B475-EC6648A46BBD}.Release|Any CPU.ActiveCfg = Release|Any CPU
		{8D2A2A63-11B5-4AB1-B475-EC6648A46BBD}.Release|Any CPU.Build.0 = Release|Any CPU
		{8D2A2A63-11B5-4AB1-B475-EC6648A46BBD}.Release|ARM.ActiveCfg = Release|Any CPU
		{8D2A2A63-11B5-4AB1-B475-EC6648A46BBD}.Release|ARM.Build.0 = Release|Any CPU
		{8D2A2A63-11B5-4AB1-B475-EC6648A46BBD}.Release|ARM64.ActiveCfg = Release|Any CPU
		{8D2A2A63-11B5-4AB1-B475-EC6648A46BBD}.Release|ARM64.Build.0 = Release|Any CPU
		{8D2A2A63-11B5-4AB1-B475-EC6648A46BBD}.Release|x64.ActiveCfg = Release|Any CPU
		{8D2A2A63-11B5-4AB1-B475-EC6648A46BBD}.Release|x64.Build.0 = Release|Any CPU
		{8D2A2A63-11B5-4AB1-B475-EC6648A46BBD}.Release|x86.ActiveCfg = Release|Any CPU
		{8D2A2A63-11B5-4AB1-B475-EC6648A46BBD}.Release|x86.Build.0 = Release|Any CPU
		{BD17D1E7-02DE-4A6D-B171-F92E22F21D40}.Debug|Any CPU.ActiveCfg = Debug|Any CPU
		{BD17D1E7-02DE-4A6D-B171-F92E22F21D40}.Debug|Any CPU.Build.0 = Debug|Any CPU
		{BD17D1E7-02DE-4A6D-B171-F92E22F21D40}.Debug|ARM.ActiveCfg = Debug|Any CPU
		{BD17D1E7-02DE-4A6D-B171-F92E22F21D40}.Debug|ARM.Build.0 = Debug|Any CPU
		{BD17D1E7-02DE-4A6D-B171-F92E22F21D40}.Debug|ARM64.ActiveCfg = Debug|Any CPU
		{BD17D1E7-02DE-4A6D-B171-F92E22F21D40}.Debug|ARM64.Build.0 = Debug|Any CPU
		{BD17D1E7-02DE-4A6D-B171-F92E22F21D40}.Debug|x64.ActiveCfg = Debug|Any CPU
		{BD17D1E7-02DE-4A6D-B171-F92E22F21D40}.Debug|x64.Build.0 = Debug|Any CPU
		{BD17D1E7-02DE-4A6D-B171-F92E22F21D40}.Debug|x86.ActiveCfg = Debug|Any CPU
		{BD17D1E7-02DE-4A6D-B171-F92E22F21D40}.Debug|x86.Build.0 = Debug|Any CPU
		{BD17D1E7-02DE-4A6D-B171-F92E22F21D40}.Release|Any CPU.ActiveCfg = Release|Any CPU
		{BD17D1E7-02DE-4A6D-B171-F92E22F21D40}.Release|Any CPU.Build.0 = Release|Any CPU
		{BD17D1E7-02DE-4A6D-B171-F92E22F21D40}.Release|ARM.ActiveCfg = Release|Any CPU
		{BD17D1E7-02DE-4A6D-B171-F92E22F21D40}.Release|ARM.Build.0 = Release|Any CPU
		{BD17D1E7-02DE-4A6D-B171-F92E22F21D40}.Release|ARM64.ActiveCfg = Release|Any CPU
		{BD17D1E7-02DE-4A6D-B171-F92E22F21D40}.Release|ARM64.Build.0 = Release|Any CPU
		{BD17D1E7-02DE-4A6D-B171-F92E22F21D40}.Release|x64.ActiveCfg = Release|Any CPU
		{BD17D1E7-02DE-4A6D-B171-F92E22F21D40}.Release|x64.Build.0 = Release|Any CPU
		{BD17D1E7-02DE-4A6D-B171-F92E22F21D40}.Release|x86.ActiveCfg = Release|Any CPU
		{BD17D1E7-02DE-4A6D-B171-F92E22F21D40}.Release|x86.Build.0 = Release|Any CPU
		{C79E58A1-2B14-431B-84A3-CB4A1D742213}.Debug|Any CPU.ActiveCfg = Debug|Any CPU
		{C79E58A1-2B14-431B-84A3-CB4A1D742213}.Debug|Any CPU.Build.0 = Debug|Any CPU
		{C79E58A1-2B14-431B-84A3-CB4A1D742213}.Debug|ARM.ActiveCfg = Debug|Any CPU
		{C79E58A1-2B14-431B-84A3-CB4A1D742213}.Debug|ARM.Build.0 = Debug|Any CPU
		{C79E58A1-2B14-431B-84A3-CB4A1D742213}.Debug|ARM64.ActiveCfg = Debug|Any CPU
		{C79E58A1-2B14-431B-84A3-CB4A1D742213}.Debug|ARM64.Build.0 = Debug|Any CPU
		{C79E58A1-2B14-431B-84A3-CB4A1D742213}.Debug|x64.ActiveCfg = Debug|Any CPU
		{C79E58A1-2B14-431B-84A3-CB4A1D742213}.Debug|x64.Build.0 = Debug|Any CPU
		{C79E58A1-2B14-431B-84A3-CB4A1D742213}.Debug|x86.ActiveCfg = Debug|Any CPU
		{C79E58A1-2B14-431B-84A3-CB4A1D742213}.Debug|x86.Build.0 = Debug|Any CPU
		{C79E58A1-2B14-431B-84A3-CB4A1D742213}.Release|Any CPU.ActiveCfg = Release|Any CPU
		{C79E58A1-2B14-431B-84A3-CB4A1D742213}.Release|Any CPU.Build.0 = Release|Any CPU
		{C79E58A1-2B14-431B-84A3-CB4A1D742213}.Release|ARM.ActiveCfg = Release|Any CPU
		{C79E58A1-2B14-431B-84A3-CB4A1D742213}.Release|ARM.Build.0 = Release|Any CPU
		{C79E58A1-2B14-431B-84A3-CB4A1D742213}.Release|ARM64.ActiveCfg = Release|Any CPU
		{C79E58A1-2B14-431B-84A3-CB4A1D742213}.Release|ARM64.Build.0 = Release|Any CPU
		{C79E58A1-2B14-431B-84A3-CB4A1D742213}.Release|x64.ActiveCfg = Release|Any CPU
		{C79E58A1-2B14-431B-84A3-CB4A1D742213}.Release|x64.Build.0 = Release|Any CPU
		{C79E58A1-2B14-431B-84A3-CB4A1D742213}.Release|x86.ActiveCfg = Release|Any CPU
		{C79E58A1-2B14-431B-84A3-CB4A1D742213}.Release|x86.Build.0 = Release|Any CPU
		{9375A28E-8C16-4A75-9AAB-2D89952BF1D9}.Debug|Any CPU.ActiveCfg = Debug|Any CPU
		{9375A28E-8C16-4A75-9AAB-2D89952BF1D9}.Debug|Any CPU.Build.0 = Debug|Any CPU
		{9375A28E-8C16-4A75-9AAB-2D89952BF1D9}.Debug|ARM.ActiveCfg = Debug|Any CPU
		{9375A28E-8C16-4A75-9AAB-2D89952BF1D9}.Debug|ARM.Build.0 = Debug|Any CPU
		{9375A28E-8C16-4A75-9AAB-2D89952BF1D9}.Debug|ARM64.ActiveCfg = Debug|Any CPU
		{9375A28E-8C16-4A75-9AAB-2D89952BF1D9}.Debug|ARM64.Build.0 = Debug|Any CPU
		{9375A28E-8C16-4A75-9AAB-2D89952BF1D9}.Debug|x64.ActiveCfg = Debug|Any CPU
		{9375A28E-8C16-4A75-9AAB-2D89952BF1D9}.Debug|x64.Build.0 = Debug|Any CPU
		{9375A28E-8C16-4A75-9AAB-2D89952BF1D9}.Debug|x86.ActiveCfg = Debug|Any CPU
		{9375A28E-8C16-4A75-9AAB-2D89952BF1D9}.Debug|x86.Build.0 = Debug|Any CPU
		{9375A28E-8C16-4A75-9AAB-2D89952BF1D9}.Release|Any CPU.ActiveCfg = Release|Any CPU
		{9375A28E-8C16-4A75-9AAB-2D89952BF1D9}.Release|Any CPU.Build.0 = Release|Any CPU
		{9375A28E-8C16-4A75-9AAB-2D89952BF1D9}.Release|ARM.ActiveCfg = Release|Any CPU
		{9375A28E-8C16-4A75-9AAB-2D89952BF1D9}.Release|ARM.Build.0 = Release|Any CPU
		{9375A28E-8C16-4A75-9AAB-2D89952BF1D9}.Release|ARM64.ActiveCfg = Release|Any CPU
		{9375A28E-8C16-4A75-9AAB-2D89952BF1D9}.Release|ARM64.Build.0 = Release|Any CPU
		{9375A28E-8C16-4A75-9AAB-2D89952BF1D9}.Release|x64.ActiveCfg = Release|Any CPU
		{9375A28E-8C16-4A75-9AAB-2D89952BF1D9}.Release|x64.Build.0 = Release|Any CPU
		{9375A28E-8C16-4A75-9AAB-2D89952BF1D9}.Release|x86.ActiveCfg = Release|Any CPU
		{9375A28E-8C16-4A75-9AAB-2D89952BF1D9}.Release|x86.Build.0 = Release|Any CPU
		{242A8AD2-2E04-4C96-B229-39D9048813BF}.Debug|Any CPU.ActiveCfg = Debug|Any CPU
		{242A8AD2-2E04-4C96-B229-39D9048813BF}.Debug|Any CPU.Build.0 = Debug|Any CPU
		{242A8AD2-2E04-4C96-B229-39D9048813BF}.Debug|Any CPU.Deploy.0 = Debug|Any CPU
		{242A8AD2-2E04-4C96-B229-39D9048813BF}.Debug|ARM.ActiveCfg = Debug|Any CPU
		{242A8AD2-2E04-4C96-B229-39D9048813BF}.Debug|ARM.Build.0 = Debug|Any CPU
		{242A8AD2-2E04-4C96-B229-39D9048813BF}.Debug|ARM.Deploy.0 = Debug|Any CPU
		{242A8AD2-2E04-4C96-B229-39D9048813BF}.Debug|ARM64.ActiveCfg = Debug|Any CPU
		{242A8AD2-2E04-4C96-B229-39D9048813BF}.Debug|ARM64.Build.0 = Debug|Any CPU
		{242A8AD2-2E04-4C96-B229-39D9048813BF}.Debug|ARM64.Deploy.0 = Debug|Any CPU
		{242A8AD2-2E04-4C96-B229-39D9048813BF}.Debug|x64.ActiveCfg = Debug|Any CPU
		{242A8AD2-2E04-4C96-B229-39D9048813BF}.Debug|x64.Build.0 = Debug|Any CPU
		{242A8AD2-2E04-4C96-B229-39D9048813BF}.Debug|x64.Deploy.0 = Debug|Any CPU
		{242A8AD2-2E04-4C96-B229-39D9048813BF}.Debug|x86.ActiveCfg = Debug|Any CPU
		{242A8AD2-2E04-4C96-B229-39D9048813BF}.Debug|x86.Build.0 = Debug|Any CPU
		{242A8AD2-2E04-4C96-B229-39D9048813BF}.Debug|x86.Deploy.0 = Debug|Any CPU
		{242A8AD2-2E04-4C96-B229-39D9048813BF}.Release|Any CPU.ActiveCfg = Release|Any CPU
		{242A8AD2-2E04-4C96-B229-39D9048813BF}.Release|Any CPU.Build.0 = Release|Any CPU
		{242A8AD2-2E04-4C96-B229-39D9048813BF}.Release|Any CPU.Deploy.0 = Release|Any CPU
		{242A8AD2-2E04-4C96-B229-39D9048813BF}.Release|ARM.ActiveCfg = Release|Any CPU
		{242A8AD2-2E04-4C96-B229-39D9048813BF}.Release|ARM.Build.0 = Release|Any CPU
		{242A8AD2-2E04-4C96-B229-39D9048813BF}.Release|ARM.Deploy.0 = Release|Any CPU
		{242A8AD2-2E04-4C96-B229-39D9048813BF}.Release|ARM64.ActiveCfg = Release|Any CPU
		{242A8AD2-2E04-4C96-B229-39D9048813BF}.Release|ARM64.Build.0 = Release|Any CPU
		{242A8AD2-2E04-4C96-B229-39D9048813BF}.Release|ARM64.Deploy.0 = Release|Any CPU
		{242A8AD2-2E04-4C96-B229-39D9048813BF}.Release|x64.ActiveCfg = Release|Any CPU
		{242A8AD2-2E04-4C96-B229-39D9048813BF}.Release|x64.Build.0 = Release|Any CPU
		{242A8AD2-2E04-4C96-B229-39D9048813BF}.Release|x64.Deploy.0 = Release|Any CPU
		{242A8AD2-2E04-4C96-B229-39D9048813BF}.Release|x86.ActiveCfg = Release|Any CPU
		{242A8AD2-2E04-4C96-B229-39D9048813BF}.Release|x86.Build.0 = Release|Any CPU
		{242A8AD2-2E04-4C96-B229-39D9048813BF}.Release|x86.Deploy.0 = Release|Any CPU
		{7D950783-EED0-473D-8AF8-31A3985B740F}.Debug|Any CPU.ActiveCfg = Debug|Win32
		{7D950783-EED0-473D-8AF8-31A3985B740F}.Debug|ARM.ActiveCfg = Debug|Win32
		{7D950783-EED0-473D-8AF8-31A3985B740F}.Debug|ARM64.ActiveCfg = Debug|Win32
		{7D950783-EED0-473D-8AF8-31A3985B740F}.Debug|x64.ActiveCfg = Debug|x64
		{7D950783-EED0-473D-8AF8-31A3985B740F}.Debug|x64.Build.0 = Debug|x64
		{7D950783-EED0-473D-8AF8-31A3985B740F}.Debug|x86.ActiveCfg = Debug|Win32
		{7D950783-EED0-473D-8AF8-31A3985B740F}.Debug|x86.Build.0 = Debug|Win32
		{7D950783-EED0-473D-8AF8-31A3985B740F}.Release|Any CPU.ActiveCfg = Release|Win32
		{7D950783-EED0-473D-8AF8-31A3985B740F}.Release|ARM.ActiveCfg = Release|Win32
		{7D950783-EED0-473D-8AF8-31A3985B740F}.Release|ARM64.ActiveCfg = Release|Win32
		{7D950783-EED0-473D-8AF8-31A3985B740F}.Release|x64.ActiveCfg = Release|x64
		{7D950783-EED0-473D-8AF8-31A3985B740F}.Release|x64.Build.0 = Release|x64
		{7D950783-EED0-473D-8AF8-31A3985B740F}.Release|x86.ActiveCfg = Release|Win32
		{7D950783-EED0-473D-8AF8-31A3985B740F}.Release|x86.Build.0 = Release|Win32
		{5BE8FE30-EF35-4954-96EE-F1A33986D672}.Debug|Any CPU.ActiveCfg = Debug|Win32
		{5BE8FE30-EF35-4954-96EE-F1A33986D672}.Debug|ARM.ActiveCfg = Debug|Win32
		{5BE8FE30-EF35-4954-96EE-F1A33986D672}.Debug|ARM64.ActiveCfg = Debug|Win32
		{5BE8FE30-EF35-4954-96EE-F1A33986D672}.Debug|x64.ActiveCfg = Debug|x64
		{5BE8FE30-EF35-4954-96EE-F1A33986D672}.Debug|x64.Build.0 = Debug|x64
		{5BE8FE30-EF35-4954-96EE-F1A33986D672}.Debug|x86.ActiveCfg = Debug|Win32
		{5BE8FE30-EF35-4954-96EE-F1A33986D672}.Debug|x86.Build.0 = Debug|Win32
		{5BE8FE30-EF35-4954-96EE-F1A33986D672}.Release|Any CPU.ActiveCfg = Release|Win32
		{5BE8FE30-EF35-4954-96EE-F1A33986D672}.Release|ARM.ActiveCfg = Release|Win32
		{5BE8FE30-EF35-4954-96EE-F1A33986D672}.Release|ARM64.ActiveCfg = Release|Win32
		{5BE8FE30-EF35-4954-96EE-F1A33986D672}.Release|x64.ActiveCfg = Release|x64
		{5BE8FE30-EF35-4954-96EE-F1A33986D672}.Release|x64.Build.0 = Release|x64
		{5BE8FE30-EF35-4954-96EE-F1A33986D672}.Release|x86.ActiveCfg = Release|Win32
		{5BE8FE30-EF35-4954-96EE-F1A33986D672}.Release|x86.Build.0 = Release|Win32
		{A541D772-9D2C-4AD2-9960-CC0F404B9465}.Debug|Any CPU.ActiveCfg = Debug|Win32
		{A541D772-9D2C-4AD2-9960-CC0F404B9465}.Debug|ARM.ActiveCfg = Debug|Win32
		{A541D772-9D2C-4AD2-9960-CC0F404B9465}.Debug|ARM64.ActiveCfg = Debug|Win32
		{A541D772-9D2C-4AD2-9960-CC0F404B9465}.Debug|x64.ActiveCfg = Debug|x64
		{A541D772-9D2C-4AD2-9960-CC0F404B9465}.Debug|x64.Build.0 = Debug|x64
		{A541D772-9D2C-4AD2-9960-CC0F404B9465}.Debug|x86.ActiveCfg = Debug|Win32
		{A541D772-9D2C-4AD2-9960-CC0F404B9465}.Debug|x86.Build.0 = Debug|Win32
		{A541D772-9D2C-4AD2-9960-CC0F404B9465}.Release|Any CPU.ActiveCfg = Release|Win32
		{A541D772-9D2C-4AD2-9960-CC0F404B9465}.Release|ARM.ActiveCfg = Release|Win32
		{A541D772-9D2C-4AD2-9960-CC0F404B9465}.Release|ARM64.ActiveCfg = Release|Win32
		{A541D772-9D2C-4AD2-9960-CC0F404B9465}.Release|x64.ActiveCfg = Release|x64
		{A541D772-9D2C-4AD2-9960-CC0F404B9465}.Release|x64.Build.0 = Release|x64
		{A541D772-9D2C-4AD2-9960-CC0F404B9465}.Release|x86.ActiveCfg = Release|Win32
		{A541D772-9D2C-4AD2-9960-CC0F404B9465}.Release|x86.Build.0 = Release|Win32
		{5D37ACA4-8B5B-49FF-AC42-1C96D317B8B1}.Debug|Any CPU.ActiveCfg = Debug|Any CPU
		{5D37ACA4-8B5B-49FF-AC42-1C96D317B8B1}.Debug|Any CPU.Build.0 = Debug|Any CPU
		{5D37ACA4-8B5B-49FF-AC42-1C96D317B8B1}.Debug|ARM.ActiveCfg = Debug|Any CPU
		{5D37ACA4-8B5B-49FF-AC42-1C96D317B8B1}.Debug|ARM.Build.0 = Debug|Any CPU
		{5D37ACA4-8B5B-49FF-AC42-1C96D317B8B1}.Debug|ARM64.ActiveCfg = Debug|Any CPU
		{5D37ACA4-8B5B-49FF-AC42-1C96D317B8B1}.Debug|ARM64.Build.0 = Debug|Any CPU
		{5D37ACA4-8B5B-49FF-AC42-1C96D317B8B1}.Debug|x64.ActiveCfg = Debug|Any CPU
		{5D37ACA4-8B5B-49FF-AC42-1C96D317B8B1}.Debug|x64.Build.0 = Debug|Any CPU
		{5D37ACA4-8B5B-49FF-AC42-1C96D317B8B1}.Debug|x86.ActiveCfg = Debug|Any CPU
		{5D37ACA4-8B5B-49FF-AC42-1C96D317B8B1}.Debug|x86.Build.0 = Debug|Any CPU
		{5D37ACA4-8B5B-49FF-AC42-1C96D317B8B1}.Release|Any CPU.ActiveCfg = Release|Any CPU
		{5D37ACA4-8B5B-49FF-AC42-1C96D317B8B1}.Release|Any CPU.Build.0 = Release|Any CPU
		{5D37ACA4-8B5B-49FF-AC42-1C96D317B8B1}.Release|ARM.ActiveCfg = Release|Any CPU
		{5D37ACA4-8B5B-49FF-AC42-1C96D317B8B1}.Release|ARM.Build.0 = Release|Any CPU
		{5D37ACA4-8B5B-49FF-AC42-1C96D317B8B1}.Release|ARM64.ActiveCfg = Release|Any CPU
		{5D37ACA4-8B5B-49FF-AC42-1C96D317B8B1}.Release|ARM64.Build.0 = Release|Any CPU
		{5D37ACA4-8B5B-49FF-AC42-1C96D317B8B1}.Release|x64.ActiveCfg = Release|Any CPU
		{5D37ACA4-8B5B-49FF-AC42-1C96D317B8B1}.Release|x64.Build.0 = Release|Any CPU
		{5D37ACA4-8B5B-49FF-AC42-1C96D317B8B1}.Release|x86.ActiveCfg = Release|Any CPU
		{5D37ACA4-8B5B-49FF-AC42-1C96D317B8B1}.Release|x86.Build.0 = Release|Any CPU
	EndGlobalSection
	GlobalSection(SolutionProperties) = preSolution
		HideSolutionNode = FALSE
	EndGlobalSection
	GlobalSection(NestedProjects) = preSolution
		{8D2A2A63-11B5-4AB1-B475-EC6648A46BBD} = {E6DFA9B7-6D9E-4A00-8F19-7E5CEC4DEE0E}
		{BD17D1E7-02DE-4A6D-B171-F92E22F21D40} = {E6DFA9B7-6D9E-4A00-8F19-7E5CEC4DEE0E}
		{C79E58A1-2B14-431B-84A3-CB4A1D742213} = {E6DFA9B7-6D9E-4A00-8F19-7E5CEC4DEE0E}
		{9375A28E-8C16-4A75-9AAB-2D89952BF1D9} = {E6DFA9B7-6D9E-4A00-8F19-7E5CEC4DEE0E}
		{7D950783-EED0-473D-8AF8-31A3985B740F} = {70CDB014-F176-49ED-8BF2-77734A5632FA}
		{5BE8FE30-EF35-4954-96EE-F1A33986D672} = {70CDB014-F176-49ED-8BF2-77734A5632FA}
		{A541D772-9D2C-4AD2-9960-CC0F404B9465} = {70CDB014-F176-49ED-8BF2-77734A5632FA}
		{5D37ACA4-8B5B-49FF-AC42-1C96D317B8B1} = {E6DFA9B7-6D9E-4A00-8F19-7E5CEC4DEE0E}
	EndGlobalSection
	GlobalSection(ExtensibilityGlobals) = postSolution
		SolutionGuid = {F66D16D0-7D18-4A28-A4AC-7B5EF474A7C6}
	EndGlobalSection
EndGlobal
